
Microsoft Visual Studio Solution File, Format Version 12.00
# Visual Studio Version 16
VisualStudioVersion = 16.0.30104.148
MinimumVisualStudioVersion = 10.0.40219.1
Project("{FAE04EC0-301F-11D3-BF4B-00C04F79EFBC}") = "ED_PilotHelper", "ED_PilotHelper\ED_PilotHelper.csproj", "{0571F022-C9D5-4DB4-8464-4F208AC7ED62}"
EndProject
Global
	GlobalSection(SolutionConfigurationPlatforms) = preSolution
		Debug|Any CPU = Debug|Any CPU
		Release|Any CPU = Release|Any CPU
	EndGlobalSection
	GlobalSection(ProjectConfigurationPlatforms) = postSolution
		{0571F022-C9D5-4DB4-8464-4F208AC7ED62}.Debug|Any CPU.ActiveCfg = Debug|Any CPU
		{0571F022-C9D5-4DB4-8464-4F208AC7ED62}.Debug|Any CPU.Build.0 = Debug|Any CPU
		{0571F022-C9D5-4DB4-8464-4F208AC7ED62}.Release|Any CPU.ActiveCfg = Release|Any CPU
		{0571F022-C9D5-4DB4-8464-4F208AC7ED62}.Release|Any CPU.Build.0 = Release|Any CPU
	EndGlobalSection
	GlobalSection(SolutionProperties) = preSolution
		HideSolutionNode = FALSE
	EndGlobalSection
	GlobalSection(ExtensibilityGlobals) = postSolution
		SolutionGuid = {849470C2-B846-4923-9EB1-C63477012403}
	EndGlobalSection
EndGlobal
